{
  "version": 4,
  "terraform_version": "0.12.18",
  "serial": 3,
  "lineage": "abd2fbc6-0c92-8d2c-ff1b-4f4d1febde8b",
  "outputs": {},
  "resources": [
    {
      "module": "module.ec2_instance",
      "mode": "managed",
      "type": "aws_instance",
      "name": "ec2_example",
      "provider": "provider.aws",
      "instances": [
        {
          "schema_version": 1,
          "attributes": {
            "ami": "ami-04505e74c0741db8d",
            "arn": "arn:aws:ec2:us-east-1:800825492577:instance/i-0176c02afb3870e66",
            "associate_public_ip_address": true,
            "availability_zone": "us-east-1b",
            "cpu_core_count": 1,
            "cpu_threads_per_core": 1,
            "credit_specification": [
              {
                "cpu_credits": "standard"
              }
            ],
            "disable_api_termination": false,
            "ebs_block_device": [],
            "ebs_optimized": false,
            "enclave_options": [
              {
                "enabled": false
              }
            ],
            "ephemeral_block_device": [],
            "get_password_data": false,
            "hibernation": false,
            "host_id": null,
            "iam_instance_profile": "",
            "id": "i-0176c02afb3870e66",
            "instance_initiated_shutdown_behavior": null,
            "instance_state": "running",
            "instance_type": "t2.micro",
            "ipv6_address_count": 0,
            "ipv6_addresses": [],
            "key_name": "rvg-inbox-test",
            "metadata_options": [
              {
                "http_endpoint": "enabled",
                "http_put_response_hop_limit": 1,
                "http_tokens": "optional"
              }
            ],
            "monitoring": false,
            "network_interface": [],
            "outpost_arn": "",
            "password_data": "",
            "placement_group": "",
            "primary_network_interface_id": "eni-0bb8dbbf0b75f31cd",
            "private_dns": "ip-172-31-93-28.ec2.internal",
            "private_ip": "172.31.93.28",
            "public_dns": "ec2-54-196-183-77.compute-1.amazonaws.com",
            "public_ip": "54.196.183.77",
            "root_block_device": [
              {
                "delete_on_termination": true,
                "device_name": "/dev/sda1",
                "encrypted": false,
                "iops": 100,
                "kms_key_id": "",
                "tags": {},
                "throughput": 0,
                "volume_id": "vol-0b8605fedb62113c5",
                "volume_size": 8,
                "volume_type": "gp2"
              }
            ],
            "secondary_private_ips": [],
            "security_groups": [
              "default"
            ],
            "source_dest_check": true,
            "subnet_id": "subnet-07da6b53f75eda88b",
            "tags": {
              "Name": "Terraform EC2"
            },
            "tenancy": "default",
            "timeouts": null,
            "user_data": null,
            "user_data_base64": null,
            "volume_tags": null,
            "vpc_security_group_ids": [
              "sg-0bd16748c59d403ef"
            ]
          },
          "private": "eyJlMmJmYjczMC1lY2FhLTExZTYtOGY4OC0zNDM2M2JjN2M0YzAiOnsiY3JlYXRlIjo2MDAwMDAwMDAwMDAsImRlbGV0ZSI6MTIwMDAwMDAwMDAwMCwidXBkYXRlIjo2MDAwMDAwMDAwMDB9LCJzY2hlbWFfdmVyc2lvbiI6IjEifQ==",
          "dependencies": [
            "module.ec2_instance.aws_key_pair.generated_key"
          ]
        }
      ]
    },
    {
      "module": "module.ec2_instance",
      "mode": "managed",
      "type": "aws_key_pair",
      "name": "generated_key",
      "provider": "provider.aws",
      "instances": [
        {
          "schema_version": 1,
          "attributes": {
            "arn": "arn:aws:ec2:us-east-1:800825492577:key-pair/rvg-inbox-test",
            "fingerprint": "b4:4d:fe:57:b5:53:e8:be:46:35:78:e6:62:2a:10:c6",
            "id": "rvg-inbox-test",
            "key_name": "rvg-inbox-test",
            "key_name_prefix": null,
            "key_pair_id": "key-0c1fcba67478e8ef2",
            "public_key": "ssh-rsa AAAAB3NzaC1yc2EAAAADAQABAAABAQDTyashxpug8DtIbh57kwz4TH/E6R66CQMvp3yN9bfkhBCV6K2PGrpNv5R8mQyeONjcquaI4GxgT5731S7hqhJxfYf7ulBWDo6jbFVHXOXGfTAMOdybL0Xz5oZWBrswF2ArZ4ruPNxo7PKqgLqfmVxr4GolIMEooBbbT1cRSzz1fBnIdhEn1f1hbcQnb3PIHEkD7K5Iovnwvfz13L3lbQhHn09h6JKmH7GDVEAkNp5VZKh3cvI5ou0VjkwGqnMRtSfHpJJs7NzegEfT9nquuLTA05YPYo+lUlOGilgZIBLbQONl2/QLyYpog6iXqKDmQuuM1udT346ofv0Z5e59tMcT shinnigami@shinnigami-vipul",
            "tags": null
          },
          "private": "eyJzY2hlbWFfdmVyc2lvbiI6IjEifQ=="
        }
      ]
    }
  ]
}
